// !$*UTF8*$!
{
	archiveVersion = 1;
	classes = {
	};
	objectVersion = 56;
	objects = {

/* Begin PBXBuildFile section */
		67328744292D128000D26B47 /* ResipesModel.swift in Sources */ = {isa = PBXBuildFile; fileRef = 67328743292D128000D26B47 /* ResipesModel.swift */; };
		67328748292D1B8600D26B47 /* Exsample.swift in Sources */ = {isa = PBXBuildFile; fileRef = 67328747292D1B8600D26B47 /* Exsample.swift */; };
		67BF97CD292D0D64005B8326 /* AppDelegate.swift in Sources */ = {isa = PBXBuildFile; fileRef = 67BF97CC292D0D64005B8326 /* AppDelegate.swift */; };
		67BF97CF292D0D64005B8326 /* SceneDelegate.swift in Sources */ = {isa = PBXBuildFile; fileRef = 67BF97CE292D0D64005B8326 /* SceneDelegate.swift */; };
		67BF97D1292D0D64005B8326 /* ViewController.swift in Sources */ = {isa = PBXBuildFile; fileRef = 67BF97D0292D0D64005B8326 /* ViewController.swift */; };
		67BF97D4292D0D64005B8326 /* Main.storyboard in Resources */ = {isa = PBXBuildFile; fileRef = 67BF97D2292D0D64005B8326 /* Main.storyboard */; };
		67BF97D6292D0D66005B8326 /* Assets.xcassets in Resources */ = {isa = PBXBuildFile; fileRef = 67BF97D5292D0D66005B8326 /* Assets.xcassets */; };
		67BF97D9292D0D66005B8326 /* LaunchScreen.storyboard in Resources */ = {isa = PBXBuildFile; fileRef = 67BF97D7292D0D66005B8326 /* LaunchScreen.storyboard */; };
/* End PBXBuildFile section */

/* Begin PBXFileReference section */
		67328743292D128000D26B47 /* ResipesModel.swift */ = {isa = PBXFileReference; lastKnownFileType = sourcecode.swift; path = ResipesModel.swift; sourceTree = "<group>"; };
		67328747292D1B8600D26B47 /* Exsample.swift */ = {isa = PBXFileReference; lastKnownFileType = sourcecode.swift; path = Exsample.swift; sourceTree = "<group>"; };
		67BF97C9292D0D64005B8326 /* RecipesDemo.app */ = {isa = PBXFileReference; explicitFileType = wrapper.application; includeInIndex = 0; path = RecipesDemo.app; sourceTree = BUILT_PRODUCTS_DIR; };
		67BF97CC292D0D64005B8326 /* AppDelegate.swift */ = {isa = PBXFileReference; lastKnownFileType = sourcecode.swift; path = AppDelegate.swift; sourceTree = "<group>"; };
		67BF97CE292D0D64005B8326 /* SceneDelegate.swift */ = {isa = PBXFileReference; lastKnownFileType = sourcecode.swift; path = SceneDelegate.swift; sourceTree = "<group>"; };
		67BF97D0292D0D64005B8326 /* ViewController.swift */ = {isa = PBXFileReference; lastKnownFileType = sourcecode.swift; path = ViewController.swift; sourceTree = "<group>"; };
		67BF97D3292D0D64005B8326 /* Base */ = {isa = PBXFileReference; lastKnownFileType = file.storyboard; name = Base; path = Base.lproj/Main.storyboard; sourceTree = "<group>"; };
		67BF97D5292D0D66005B8326 /* Assets.xcassets */ = {isa = PBXFileReference; lastKnownFileType = folder.assetcatalog; path = Assets.xcassets; sourceTree = "<group>"; };
		67BF97D8292D0D66005B8326 /* Base */ = {isa = PBXFileReference; lastKnownFileType = file.storyboard; name = Base; path = Base.lproj/LaunchScreen.storyboard; sourceTree = "<group>"; };
		67BF97DA292D0D66005B8326 /* Info.plist */ = {isa = PBXFileReference; lastKnownFileType = text.plist.xml; path = Info.plist; sourceTree = "<group>"; };
/* End PBXFileReference section */

/* Begin PBXFrameworksBuildPhase section */
		67BF97C6292D0D64005B8326 /* Frameworks */ = {
			isa = PBXFrameworksBuildPhase;
			buildActionMask = 2147483647;
			files = (
			);
			runOnlyForDeploymentPostprocessing = 0;
		};
/* End PBXFrameworksBuildPhase section */

/* Begin PBXGroup section */
		67328742292D126800D26B47 /* Models */ = {
			isa = PBXGroup;
			children = (
				67328743292D128000D26B47 /* ResipesModel.swift */,
				67328747292D1B8600D26B47 /* Exsample.swift */,
			);
			path = Models;
			sourceTree = "<group>";
		};
		67BF97C0292D0D64005B8326 = {
			isa = PBXGroup;
			children = (
				67BF97CB292D0D64005B8326 /* RecipesDemo */,
				67BF97CA292D0D64005B8326 /* Products */,
			);
			sourceTree = "<group>";
		};
		67BF97CA292D0D64005B8326 /* Products */ = {
			isa = PBXGroup;
			children = (
				67BF97C9292D0D64005B8326 /* RecipesDemo.app */,
			);
			name = Products;
			sourceTree = "<group>";
		};
		67BF97CB292D0D64005B8326 /* RecipesDemo */ = {
			isa = PBXGroup;
			children = (
				67328742292D126800D26B47 /* Models */,
				67BF97CC292D0D64005B8326 /* AppDelegate.swift */,
				67BF97CE292D0D64005B8326 /* SceneDelegate.swift */,
				67BF97D0292D0D64005B8326 /* ViewController.swift */,
				67BF97D2292D0D64005B8326 /* Main.storyboard */,
				67BF97D5292D0D66005B8326 /* Assets.xcassets */,
				67BF97D7292D0D66005B8326 /* LaunchScreen.storyboard */,
				67BF97DA292D0D66005B8326 /* Info.plist */,
			);
			path = RecipesDemo;
			sourceTree = "<group>";
		};
/* End PBXGroup section */

/* Begin PBXNativeTarget section */
		67BF97C8292D0D64005B8326 /* RecipesDemo */ = {
			isa = PBXNativeTarget;
			buildConfigurationList = 67BF97DD292D0D66005B8326 /* Build configuration list for PBXNativeTarget "RecipesDemo" */;
			buildPhases = (
				67BF97C5292D0D64005B8326 /* Sources */,
				67BF97C6292D0D64005B8326 /* Frameworks */,
				67BF97C7292D0D64005B8326 /* Resources */,
			);
			buildRules = (
			);
			dependencies = (
			);
			name = RecipesDemo;
			productName = RecipesDemo;
			productReference = 67BF97C9292D0D64005B8326 /* RecipesDemo.app */;
			productType = "com.apple.product-type.application";
		};
/* End PBXNativeTarget section */

/* Begin PBXProject section */
		67BF97C1292D0D64005B8326 /* Project object */ = {
			isa = PBXProject;
			attributes = {
				BuildIndependentTargetsInParallel = 1;
				LastSwiftUpdateCheck = 1410;
				LastUpgradeCheck = 1410;
				TargetAttributes = {
					67BF97C8292D0D64005B8326 = {
						CreatedOnToolsVersion = 14.1;
					};
				};
			};
			buildConfigurationList = 67BF97C4292D0D64005B8326 /* Build configuration list for PBXProject "RecipesDemo" */;
			compatibilityVersion = "Xcode 14.0";
			developmentRegion = en;
			hasScannedForEncodings = 0;
			knownRegions = (
				en,
				Base,
			);
			mainGroup = 67BF97C0292D0D64005B8326;
			productRefGroup = 67BF97CA292D0D64005B8326 /* Products */;
			projectDirPath = "";
			projectRoot = "";
			targets = (
				67BF97C8292D0D64005B8326 /* RecipesDemo */,
			);
		};
/* End PBXProject section */

/* Begin PBXResourcesBuildPhase section */
		67BF97C7292D0D64005B8326 /* Resources */ = {
			isa = PBXResourcesBuildPhase;
			buildActionMask = 2147483647;
			files = (
				67BF97D9292D0D66005B8326 /* LaunchScreen.storyboard in Resources */,
				67BF97D6292D0D66005B8326 /* Assets.xcassets in Resources */,
				67BF97D4292D0D64005B8326 /* Main.storyboard in Resources */,
			);
			runOnlyForDeploymentPostprocessing = 0;
		};
/* End PBXResourcesBuildPhase section */

/* Begin PBXSourcesBuildPhase section */
		67BF97C5292D0D64005B8326 /* Sources */ = {
			isa = PBXSourcesBuildPhase;
			buildActionMask = 2147483647;
			files = (
				67BF97D1292D0D64005B8326 /* ViewController.swift in Sources */,
				67328744292D128000D26B47 /* ResipesModel.swift in Sources */,
				67BF97CD292D0D64005B8326 /* AppDelegate.swift in Sources */,
				67328748292D1B8600D26B47 /* Exsample.swift in Sources */,
				67BF97CF292D0D64005B8326 /* SceneDelegate.swift in Sources */,
			);
			runOnlyForDeploymentPostprocessing = 0;
		};
/* End PBXSourcesBuildPhase section */

/* Begin PBXVariantGroup section */
		67BF97D2292D0D64005B8326 /* Main.storyboard */ = {
			isa = PBXVariantGroup;
			children = (
				67BF97D3292D0D64005B8326 /* Base */,
			);
			name = Main.storyboard;
			sourceTree = "<group>";
		};
		67BF97D7292D0D66005B8326 /* LaunchScreen.storyboard */ = {
			isa = PBXVariantGroup;
			children = (
				67BF97D8292D0D66005B8326 /* Base */,
			);
			name = LaunchScreen.storyboard;
			sourceTree = "<group>";
		};
/* End PBXVariantGroup section */

/* Begin XCBuildConfiguration section */
		67BF97DB292D0D66005B8326 /* Debug */ = {
			isa = XCBuildConfiguration;
			buildSettings = {
				ALWAYS_SEARCH_USER_PATHS = NO;
				CLANG_ANALYZER_NONNULL = YES;
				CLANG_ANALYZER_NUMBER_OBJECT_CONVERSION = YES_AGGRESSIVE;
				CLANG_CXX_LANGUAGE_STANDARD = "gnu++20";
				CLANG_ENABLE_MODULES = YES;
				CLANG_ENABLE_OBJC_ARC = YES;
				CLANG_ENABLE_OBJC_WEAK = YES;
				CLANG_WARN_BLOCK_CAPTURE_AUTORELEASING = YES;
				CLANG_WARN_BOOL_CONVERSION = YES;
				CLANG_WARN_COMMA = YES;
				CLANG_WARN_CONSTANT_CONVERSION = YES;
				CLANG_WARN_DEPRECATED_OBJC_IMPLEMENTATIONS = YES;
				CLANG_WARN_DIRECT_OBJC_ISA_USAGE = YES_ERROR;
				CLANG_WARN_DOCUMENTATION_COMMENTS = YES;
				CLANG_WARN_EMPTY_BODY = YES;
				CLANG_WARN_ENUM_CONVERSION = YES;
				CLANG_WARN_INFINITE_RECURSION = YES;
				CLANG_WARN_INT_CONVERSION = YES;
				CLANG_WARN_NON_LITERAL_NULL_CONVERSION = YES;
				CLANG_WARN_OBJC_IMPLICIT_RETAIN_SELF = YES;
				CLANG_WARN_OBJC_LITERAL_CONVERSION = YES;
				CLANG_WARN_OBJC_ROOT_CLASS = YES_ERROR;
				CLANG_WARN_QUOTED_INCLUDE_IN_FRAMEWORK_HEADER = YES;
				CLANG_WARN_RANGE_LOOP_ANALYSIS = YES;
				CLANG_WARN_STRICT_PROTOTYPES = YES;
				CLANG_WARN_SUSPICIOUS_MOVE = YES;
				CLANG_WARN_UNGUARDED_AVAILABILITY = YES_AGGRESSIVE;
				CLANG_WARN_UNREACHABLE_CODE = YES;
				CLANG_WARN__DUPLICATE_METHOD_MATCH = YES;
				COPY_PHASE_STRIP = NO;
				DEBUG_INFORMATION_FORMAT = dwarf;
				ENABLE_STRICT_OBJC_MSGSEND = YES;
				ENABLE_TESTABILITY = YES;
				GCC_C_LANGUAGE_STANDARD = gnu11;
				GCC_DYNAMIC_NO_PIC = NO;
				GCC_NO_COMMON_BLOCKS = YES;
				GCC_OPTIMIZATION_LEVEL = 0;
				GCC_PREPROCESSOR_DEFINITIONS = (
					"DEBUG=1",
					"$(inherited)",
				);
				GCC_WARN_64_TO_32_BIT_CONVERSION = YES;
				GCC_WARN_ABOUT_RETURN_TYPE = YES_ERROR;
				GCC_WARN_UNDECLARED_SELECTOR = YES;
				GCC_WARN_UNINITIALIZED_AUTOS = YES_AGGRESSIVE;
				GCC_WARN_UNUSED_FUNCTION = YES;
				GCC_WARN_UNUSED_VARIABLE = YES;
				IPHONEOS_DEPLOYMENT_TARGET = 16.1;
				MTL_ENABLE_DEBUG_INFO = INCLUDE_SOURCE;
				MTL_FAST_MATH = YES;
				ONLY_ACTIVE_ARCH = YES;
				SDKROOT = iphoneos;
				SWIFT_ACTIVE_COMPILATION_CONDITIONS = DEBUG;
				SWIFT_OPTIMIZATION_LEVEL = "-Onone";
			};
			name = Debug;
		};
		67BF97DC292D0D66005B8326 /* Release */ = {
			isa = XCBuildConfiguration;
			buildSettings = {
				ALWAYS_SEARCH_USER_PATHS = NO;
				CLANG_ANALYZER_NONNULL = YES;
				CLANG_ANALYZER_NUMBER_OBJECT_CONVERSION = YES_AGGRESSIVE;
				CLANG_CXX_LANGUAGE_STANDARD = "gnu++20";
				CLANG_ENABLE_MODULES = YES;
				CLANG_ENABLE_OBJC_ARC = YES;
				CLANG_ENABLE_OBJC_WEAK = YES;
				CLANG_WARN_BLOCK_CAPTURE_AUTORELEASING = YES;
				CLANG_WARN_BOOL_CONVERSION = YES;
				CLANG_WARN_COMMA = YES;
				CLANG_WARN_CONSTANT_CONVERSION = YES;
				CLANG_WARN_DEPRECATED_OBJC_IMPLEMENTATIONS = YES;
				CLANG_WARN_DIRECT_OBJC_ISA_USAGE = YES_ERROR;
				CLANG_WARN_DOCUMENTATION_COMMENTS = YES;
				CLANG_WARN_EMPTY_BODY = YES;
				CLANG_WARN_ENUM_CONVERSION = YES;
				CLANG_WARN_INFINITE_RECURSION = YES;
				CLANG_WARN_INT_CONVERSION = YES;
				CLANG_WARN_NON_LITERAL_NULL_CONVERSION = YES;
				CLANG_WARN_OBJC_IMPLICIT_RETAIN_SELF = YES;
				CLANG_WARN_OBJC_LITERAL_CONVERSION = YES;
				CLANG_WARN_OBJC_ROOT_CLASS = YES_ERROR;
				CLANG_WARN_QUOTED_INCLUDE_IN_FRAMEWORK_HEADER = YES;
				CLANG_WARN_RANGE_LOOP_ANALYSIS = YES;
				CLANG_WARN_STRICT_PROTOTYPES = YES;
				CLANG_WARN_SUSPICIOUS_MOVE = YES;
				CLANG_WARN_UNGUARDED_AVAILABILITY = YES_AGGRESSIVE;
				CLANG_WARN_UNREACHABLE_CODE = YES;
				CLANG_WARN__DUPLICATE_METHOD_MATCH = YES;
				COPY_PHASE_STRIP = NO;
				DEBUG_INFORMATION_FORMAT = "dwarf-with-dsym";
				ENABLE_NS_ASSERTIONS = NO;
				ENABLE_STRICT_OBJC_MSGSEND = YES;
				GCC_C_LANGUAGE_STANDARD = gnu11;
				GCC_NO_COMMON_BLOCKS = YES;
				GCC_WARN_64_TO_32_BIT_CONVERSION = YES;
				GCC_WARN_ABOUT_RETURN_TYPE = YES_ERROR;
				GCC_WARN_UNDECLARED_SELECTOR = YES;
				GCC_WARN_UNINITIALIZED_AUTOS = YES_AGGRESSIVE;
				GCC_WARN_UNUSED_FUNCTION = YES;
				GCC_WARN_UNUSED_VARIABLE = YES;
				IPHONEOS_DEPLOYMENT_TARGET = 16.1;
				MTL_ENABLE_DEBUG_INFO = NO;
				MTL_FAST_MATH = YES;
				SDKROOT = iphoneos;
				SWIFT_COMPILATION_MODE = wholemodule;
				SWIFT_OPTIMIZATION_LEVEL = "-O";
				VALIDATE_PRODUCT = YES;
			};
			name = Release;
		};
		67BF97DE292D0D66005B8326 /* Debug */ = {
			isa = XCBuildConfiguration;
			buildSettings = {
				ASSETCATALOG_COMPILER_APPICON_NAME = AppIcon;
				ASSETCATALOG_COMPILER_GLOBAL_ACCENT_COLOR_NAME = AccentColor;
				CODE_SIGN_STYLE = Automatic;
				CURRENT_PROJECT_VERSION = 1;
				DEVELOPMENT_TEAM = 5434634X8A;
				GENERATE_INFOPLIST_FILE = YES;
				INFOPLIST_FILE = RecipesDemo/Info.plist;
				INFOPLIST_KEY_UIApplicationSupportsIndirectInputEvents = YES;
				INFOPLIST_KEY_UILaunchStoryboardName = LaunchScreen;
				INFOPLIST_KEY_UIMainStoryboardFile = Main;
				INFOPLIST_KEY_UISupportedInterfaceOrientations_iPad = "UIInterfaceOrientationPortrait UIInterfaceOrientationPortraitUpsideDown UIInterfaceOrientationLandscapeLeft UIInterfaceOrientationLandscapeRight";
				INFOPLIST_KEY_UISupportedInterfaceOrientations_iPhone = "UIInterfaceOrientationPortrait UIInterfaceOrientationLandscapeLeft UIInterfaceOrientationLandscapeRight";
				IPHONEOS_DEPLOYMENT_TARGET = 16.1;
				LD_RUNPATH_SEARCH_PATHS = (
					"$(inherited)",
					"@executable_path/Frameworks",
				);
				MARKETING_VERSION = 1.0;
				PRODUCT_BUNDLE_IDENTIFIER = "IOS-Kids.RecipesDemo";
				PRODUCT_NAME = "$(TARGET_NAME)";
				SWIFT_EMIT_LOC_STRINGS = YES;
				SWIFT_VERSION = 5.0;
				TARGETED_DEVICE_FAMILY = "1,2";
			};
			name = Debug;
		};
		67BF97DF292D0D66005B8326 /* Release */ = {
			isa = XCBuildConfiguration;
			buildSettings = {
				ASSETCATALOG_COMPILER_APPICON_NAME = AppIcon;
				ASSETCATALOG_COMPILER_GLOBAL_ACCENT_COLOR_NAME = AccentColor;
				CODE_SIGN_STYLE = Automatic;
				CURRENT_PROJECT_VERSION = 1;
				DEVELOPMENT_TEAM = 5434634X8A;
				GENERATE_INFOPLIST_FILE = YES;
				INFOPLIST_FILE = RecipesDemo/Info.plist;
				INFOPLIST_KEY_UIApplicationSupportsIndirectInputEvents = YES;
				INFOPLIST_KEY_UILaunchStoryboardName = LaunchScreen;
				INFOPLIST_KEY_UIMainStoryboardFile = Main;
				INFOPLIST_KEY_UISupportedInterfaceOrientations_iPad = "UIInterfaceOrientationPortrait UIInterfaceOrientationPortraitUpsideDown UIInterfaceOrientationLandscapeLeft UIInterfaceOrientationLandscapeRight";
				INFOPLIST_KEY_UISupportedInterfaceOrientations_iPhone = "UIInterfaceOrientationPortrait UIInterfaceOrientationLandscapeLeft UIInterfaceOrientationLandscapeRight";
				IPHONEOS_DEPLOYMENT_TARGET = 16.1;
				LD_RUNPATH_SEARCH_PATHS = (
					"$(inherited)",
					"@executable_path/Frameworks",
				);
				MARKETING_VERSION = 1.0;
				PRODUCT_BUNDLE_IDENTIFIER = "IOS-Kids.RecipesDemo";
				PRODUCT_NAME = "$(TARGET_NAME)";
				SWIFT_EMIT_LOC_STRINGS = YES;
				SWIFT_VERSION = 5.0;
				TARGETED_DEVICE_FAMILY = "1,2";
			};
			name = Release;
		};
/* End XCBuildConfiguration section */

/* Begin XCConfigurationList section */
		67BF97C4292D0D64005B8326 /* Build configuration list for PBXProject "RecipesDemo" */ = {
			isa = XCConfigurationList;
			buildConfigurations = (
				67BF97DB292D0D66005B8326 /* Debug */,
				67BF97DC292D0D66005B8326 /* Release */,
			);
			defaultConfigurationIsVisible = 0;
			defaultConfigurationName = Release;
		};
		67BF97DD292D0D66005B8326 /* Build configuration list for PBXNativeTarget "RecipesDemo" */ = {
			isa = XCConfigurationList;
			buildConfigurations = (
				67BF97DE292D0D66005B8326 /* Debug */,
				67BF97DF292D0D66005B8326 /* Release */,
			);
			defaultConfigurationIsVisible = 0;
			defaultConfigurationName = Release;
		};
/* End XCConfigurationList section */
	};
	rootObject = 67BF97C1292D0D64005B8326 /* Project object */;
}
