// !$*UTF8*$!
{
	archiveVersion = 1;
	classes = {
	};
	objectVersion = 56;
	objects = {

/* Begin PBXBuildFile section */
		4357434C9B3851234EFC3D40 /* Pods_RecipesDemo.framework in Frameworks */ = {isa = PBXBuildFile; fileRef = BB263C76B0C27C6DC3EFBD0E /* Pods_RecipesDemo.framework */; };
		67142A492938229A00541CAB /* SavedRecipesViewController.swift in Sources */ = {isa = PBXBuildFile; fileRef = 67142A482938229A00541CAB /* SavedRecipesViewController.swift */; };
		67328744292D128000D26B47 /* ResipesModel.swift in Sources */ = {isa = PBXBuildFile; fileRef = 67328743292D128000D26B47 /* ResipesModel.swift */; };
		67328748292D1B8600D26B47 /* AllModelExsample.swift in Sources */ = {isa = PBXBuildFile; fileRef = 67328747292D1B8600D26B47 /* AllModelExsample.swift */; };
		6732874A292D73ED00D26B47 /* Podfile in Resources */ = {isa = PBXBuildFile; fileRef = 67328749292D73ED00D26B47 /* Podfile */; };
		677233442945478A00DE121A /* lf20_njxltiss.json in Resources */ = {isa = PBXBuildFile; fileRef = 677233432945478A00DE121A /* lf20_njxltiss.json */; };
		67723346294650E700DE121A /* NetworkServise.swift in Sources */ = {isa = PBXBuildFile; fileRef = 67723345294650E700DE121A /* NetworkServise.swift */; };
		67B0B66E292F7C050005C189 /* RecipeDetailsViewController.swift in Sources */ = {isa = PBXBuildFile; fileRef = 67B0B66D292F7C050005C189 /* RecipeDetailsViewController.swift */; };
		67BF97CD292D0D64005B8326 /* AppDelegate.swift in Sources */ = {isa = PBXBuildFile; fileRef = 67BF97CC292D0D64005B8326 /* AppDelegate.swift */; };
		67BF97CF292D0D64005B8326 /* SceneDelegate.swift in Sources */ = {isa = PBXBuildFile; fileRef = 67BF97CE292D0D64005B8326 /* SceneDelegate.swift */; };
		67BF97D1292D0D64005B8326 /* RecipesListViewController.swift in Sources */ = {isa = PBXBuildFile; fileRef = 67BF97D0292D0D64005B8326 /* RecipesListViewController.swift */; };
		67BF97D4292D0D64005B8326 /* Main.storyboard in Resources */ = {isa = PBXBuildFile; fileRef = 67BF97D2292D0D64005B8326 /* Main.storyboard */; };
		67BF97D6292D0D66005B8326 /* Assets.xcassets in Resources */ = {isa = PBXBuildFile; fileRef = 67BF97D5292D0D66005B8326 /* Assets.xcassets */; };
		67BF97D9292D0D66005B8326 /* LaunchScreen.storyboard in Resources */ = {isa = PBXBuildFile; fileRef = 67BF97D7292D0D66005B8326 /* LaunchScreen.storyboard */; };
		67FB9B85292D8D4200848849 /* RecipesTableViewCell.swift in Sources */ = {isa = PBXBuildFile; fileRef = 67FB9B83292D8D4200848849 /* RecipesTableViewCell.swift */; };
		67FB9B86292D8D4200848849 /* RecipesTableViewCell.xib in Resources */ = {isa = PBXBuildFile; fileRef = 67FB9B84292D8D4200848849 /* RecipesTableViewCell.xib */; };
		67FE2537293E75A300DDE004 /* SaveModels.swift in Sources */ = {isa = PBXBuildFile; fileRef = 67FE2536293E75A300DDE004 /* SaveModels.swift */; };
/* End PBXBuildFile section */

/* Begin PBXFileReference section */
		67142A482938229A00541CAB /* SavedRecipesViewController.swift */ = {isa = PBXFileReference; lastKnownFileType = sourcecode.swift; path = SavedRecipesViewController.swift; sourceTree = "<group>"; };
		67328743292D128000D26B47 /* ResipesModel.swift */ = {isa = PBXFileReference; lastKnownFileType = sourcecode.swift; path = ResipesModel.swift; sourceTree = "<group>"; };
		67328747292D1B8600D26B47 /* AllModelExsample.swift */ = {isa = PBXFileReference; lastKnownFileType = sourcecode.swift; path = AllModelExsample.swift; sourceTree = "<group>"; };
		67328749292D73ED00D26B47 /* Podfile */ = {isa = PBXFileReference; fileEncoding = 4; lastKnownFileType = text; path = Podfile; sourceTree = SOURCE_ROOT; xcLanguageSpecificationIdentifier = xcode.lang.ruby; };
		677233432945478A00DE121A /* lf20_njxltiss.json */ = {isa = PBXFileReference; fileEncoding = 4; lastKnownFileType = text.json; path = lf20_njxltiss.json; sourceTree = "<group>"; };
		67723345294650E700DE121A /* NetworkServise.swift */ = {isa = PBXFileReference; lastKnownFileType = sourcecode.swift; path = NetworkServise.swift; sourceTree = "<group>"; };
		67B0B66D292F7C050005C189 /* RecipeDetailsViewController.swift */ = {isa = PBXFileReference; lastKnownFileType = sourcecode.swift; path = RecipeDetailsViewController.swift; sourceTree = "<group>"; };
		67BF97C9292D0D64005B8326 /* RecipesDemo.app */ = {isa = PBXFileReference; explicitFileType = wrapper.application; includeInIndex = 0; path = RecipesDemo.app; sourceTree = BUILT_PRODUCTS_DIR; };
		67BF97CC292D0D64005B8326 /* AppDelegate.swift */ = {isa = PBXFileReference; lastKnownFileType = sourcecode.swift; path = AppDelegate.swift; sourceTree = "<group>"; };
		67BF97CE292D0D64005B8326 /* SceneDelegate.swift */ = {isa = PBXFileReference; lastKnownFileType = sourcecode.swift; path = SceneDelegate.swift; sourceTree = "<group>"; };
		67BF97D0292D0D64005B8326 /* RecipesListViewController.swift */ = {isa = PBXFileReference; lastKnownFileType = sourcecode.swift; path = RecipesListViewController.swift; sourceTree = "<group>"; };
		67BF97D3292D0D64005B8326 /* Base */ = {isa = PBXFileReference; lastKnownFileType = file.storyboard; name = Base; path = Base.lproj/Main.storyboard; sourceTree = "<group>"; };
		67BF97D5292D0D66005B8326 /* Assets.xcassets */ = {isa = PBXFileReference; lastKnownFileType = folder.assetcatalog; path = Assets.xcassets; sourceTree = "<group>"; };
		67BF97D8292D0D66005B8326 /* Base */ = {isa = PBXFileReference; lastKnownFileType = file.storyboard; name = Base; path = Base.lproj/LaunchScreen.storyboard; sourceTree = "<group>"; };
		67BF97DA292D0D66005B8326 /* Info.plist */ = {isa = PBXFileReference; lastKnownFileType = text.plist.xml; path = Info.plist; sourceTree = "<group>"; };
		67FB9B83292D8D4200848849 /* RecipesTableViewCell.swift */ = {isa = PBXFileReference; lastKnownFileType = sourcecode.swift; path = RecipesTableViewCell.swift; sourceTree = "<group>"; };
		67FB9B84292D8D4200848849 /* RecipesTableViewCell.xib */ = {isa = PBXFileReference; lastKnownFileType = file.xib; path = RecipesTableViewCell.xib; sourceTree = "<group>"; };
		67FE2536293E75A300DDE004 /* SaveModels.swift */ = {isa = PBXFileReference; lastKnownFileType = sourcecode.swift; path = SaveModels.swift; sourceTree = "<group>"; };
		AA126AA166B257BB6D2C22DC /* Pods-RecipesDemo.debug.xcconfig */ = {isa = PBXFileReference; includeInIndex = 1; lastKnownFileType = text.xcconfig; name = "Pods-RecipesDemo.debug.xcconfig"; path = "Target Support Files/Pods-RecipesDemo/Pods-RecipesDemo.debug.xcconfig"; sourceTree = "<group>"; };
		BB263C76B0C27C6DC3EFBD0E /* Pods_RecipesDemo.framework */ = {isa = PBXFileReference; explicitFileType = wrapper.framework; includeInIndex = 0; path = Pods_RecipesDemo.framework; sourceTree = BUILT_PRODUCTS_DIR; };
		E4482B36DA9B07698F97D8A5 /* Pods-RecipesDemo.release.xcconfig */ = {isa = PBXFileReference; includeInIndex = 1; lastKnownFileType = text.xcconfig; name = "Pods-RecipesDemo.release.xcconfig"; path = "Target Support Files/Pods-RecipesDemo/Pods-RecipesDemo.release.xcconfig"; sourceTree = "<group>"; };
/* End PBXFileReference section */

/* Begin PBXFrameworksBuildPhase section */
		67BF97C6292D0D64005B8326 /* Frameworks */ = {
			isa = PBXFrameworksBuildPhase;
			buildActionMask = 2147483647;
			files = (
				4357434C9B3851234EFC3D40 /* Pods_RecipesDemo.framework in Frameworks */,
			);
			runOnlyForDeploymentPostprocessing = 0;
		};
/* End PBXFrameworksBuildPhase section */

/* Begin PBXGroup section */
		67328742292D126800D26B47 /* Models */ = {
			isa = PBXGroup;
			children = (
				67328743292D128000D26B47 /* ResipesModel.swift */,
				67328747292D1B8600D26B47 /* AllModelExsample.swift */,
			);
			path = Models;
			sourceTree = "<group>";
		};
		67BF97C0292D0D64005B8326 = {
			isa = PBXGroup;
			children = (
				67BF97CB292D0D64005B8326 /* RecipesDemo */,
				67BF97CA292D0D64005B8326 /* Products */,
				9F42948FC9BB9BD8543A1E2D /* Pods */,
				DBF9F87F4163D0D2DDE73483 /* Frameworks */,
			);
			sourceTree = "<group>";
		};
		67BF97CA292D0D64005B8326 /* Products */ = {
			isa = PBXGroup;
			children = (
				67BF97C9292D0D64005B8326 /* RecipesDemo.app */,
			);
			name = Products;
			sourceTree = "<group>";
		};
		67BF97CB292D0D64005B8326 /* RecipesDemo */ = {
			isa = PBXGroup;
			children = (
				67FB9B82292D8CFD00848849 /* Cell */,
				67328742292D126800D26B47 /* Models */,
				67FE2535293E758A00DDE004 /* Servises */,
				67BF97CC292D0D64005B8326 /* AppDelegate.swift */,
				67BF97CE292D0D64005B8326 /* SceneDelegate.swift */,
				67BF97D0292D0D64005B8326 /* RecipesListViewController.swift */,
				67B0B66D292F7C050005C189 /* RecipeDetailsViewController.swift */,
				67142A482938229A00541CAB /* SavedRecipesViewController.swift */,
				67BF97D2292D0D64005B8326 /* Main.storyboard */,
				67328749292D73ED00D26B47 /* Podfile */,
				67BF97D5292D0D66005B8326 /* Assets.xcassets */,
				67BF97D7292D0D66005B8326 /* LaunchScreen.storyboard */,
				677233432945478A00DE121A /* lf20_njxltiss.json */,
				67BF97DA292D0D66005B8326 /* Info.plist */,
			);
			path = RecipesDemo;
			sourceTree = "<group>";
		};
		67FB9B82292D8CFD00848849 /* Cell */ = {
			isa = PBXGroup;
			children = (
				67FB9B83292D8D4200848849 /* RecipesTableViewCell.swift */,
				67FB9B84292D8D4200848849 /* RecipesTableViewCell.xib */,
			);
			path = Cell;
			sourceTree = "<group>";
		};
		67FE2535293E758A00DDE004 /* Servises */ = {
			isa = PBXGroup;
			children = (
				67FE2536293E75A300DDE004 /* SaveModels.swift */,
				67723345294650E700DE121A /* NetworkServise.swift */,
			);
			path = Servises;
			sourceTree = "<group>";
		};
		9F42948FC9BB9BD8543A1E2D /* Pods */ = {
			isa = PBXGroup;
			children = (
				AA126AA166B257BB6D2C22DC /* Pods-RecipesDemo.debug.xcconfig */,
				E4482B36DA9B07698F97D8A5 /* Pods-RecipesDemo.release.xcconfig */,
			);
			path = Pods;
			sourceTree = "<group>";
		};
		DBF9F87F4163D0D2DDE73483 /* Frameworks */ = {
			isa = PBXGroup;
			children = (
				BB263C76B0C27C6DC3EFBD0E /* Pods_RecipesDemo.framework */,
			);
			name = Frameworks;
			sourceTree = "<group>";
		};
/* End PBXGroup section */

/* Begin PBXNativeTarget section */
		67BF97C8292D0D64005B8326 /* RecipesDemo */ = {
			isa = PBXNativeTarget;
			buildConfigurationList = 67BF97DD292D0D66005B8326 /* Build configuration list for PBXNativeTarget "RecipesDemo" */;
			buildPhases = (
				085E917C8B04CAC7F5430A26 /* [CP] Check Pods Manifest.lock */,
				67BF97C5292D0D64005B8326 /* Sources */,
				67BF97C6292D0D64005B8326 /* Frameworks */,
				67BF97C7292D0D64005B8326 /* Resources */,
				3A903300C87C1FC100AEC8EB /* [CP] Embed Pods Frameworks */,
			);
			buildRules = (
			);
			dependencies = (
			);
			name = RecipesDemo;
			productName = RecipesDemo;
			productReference = 67BF97C9292D0D64005B8326 /* RecipesDemo.app */;
			productType = "com.apple.product-type.application";
		};
/* End PBXNativeTarget section */

/* Begin PBXProject section */
		67BF97C1292D0D64005B8326 /* Project object */ = {
			isa = PBXProject;
			attributes = {
				BuildIndependentTargetsInParallel = 1;
				LastSwiftUpdateCheck = 1410;
				LastUpgradeCheck = 1410;
				TargetAttributes = {
					67BF97C8292D0D64005B8326 = {
						CreatedOnToolsVersion = 14.1;
					};
				};
			};
			buildConfigurationList = 67BF97C4292D0D64005B8326 /* Build configuration list for PBXProject "RecipesDemo" */;
			compatibilityVersion = "Xcode 14.0";
			developmentRegion = en;
			hasScannedForEncodings = 0;
			knownRegions = (
				en,
				Base,
			);
			mainGroup = 67BF97C0292D0D64005B8326;
			productRefGroup = 67BF97CA292D0D64005B8326 /* Products */;
			projectDirPath = "";
			projectRoot = "";
			targets = (
				67BF97C8292D0D64005B8326 /* RecipesDemo */,
			);
		};
/* End PBXProject section */

/* Begin PBXResourcesBuildPhase section */
		67BF97C7292D0D64005B8326 /* Resources */ = {
			isa = PBXResourcesBuildPhase;
			buildActionMask = 2147483647;
			files = (
				67BF97D9292D0D66005B8326 /* LaunchScreen.storyboard in Resources */,
				67FB9B86292D8D4200848849 /* RecipesTableViewCell.xib in Resources */,
				67BF97D6292D0D66005B8326 /* Assets.xcassets in Resources */,
				6732874A292D73ED00D26B47 /* Podfile in Resources */,
				677233442945478A00DE121A /* lf20_njxltiss.json in Resources */,
				67BF97D4292D0D64005B8326 /* Main.storyboard in Resources */,
			);
			runOnlyForDeploymentPostprocessing = 0;
		};
/* End PBXResourcesBuildPhase section */

/* Begin PBXShellScriptBuildPhase section */
		085E917C8B04CAC7F5430A26 /* [CP] Check Pods Manifest.lock */ = {
			isa = PBXShellScriptBuildPhase;
			buildActionMask = 2147483647;
			files = (
			);
			inputFileListPaths = (
			);
			inputPaths = (
				"${PODS_PODFILE_DIR_PATH}/Podfile.lock",
				"${PODS_ROOT}/Manifest.lock",
			);
			name = "[CP] Check Pods Manifest.lock";
			outputFileListPaths = (
			);
			outputPaths = (
				"$(DERIVED_FILE_DIR)/Pods-RecipesDemo-checkManifestLockResult.txt",
			);
			runOnlyForDeploymentPostprocessing = 0;
			shellPath = /bin/sh;
			shellScript = "diff \"${PODS_PODFILE_DIR_PATH}/Podfile.lock\" \"${PODS_ROOT}/Manifest.lock\" > /dev/null\nif [ $? != 0 ] ; then\n    # print error to STDERR\n    echo \"error: The sandbox is not in sync with the Podfile.lock. Run 'pod install' or update your CocoaPods installation.\" >&2\n    exit 1\nfi\n# This output is used by Xcode 'outputs' to avoid re-running this script phase.\necho \"SUCCESS\" > \"${SCRIPT_OUTPUT_FILE_0}\"\n";
			showEnvVarsInLog = 0;
		};
		3A903300C87C1FC100AEC8EB /* [CP] Embed Pods Frameworks */ = {
			isa = PBXShellScriptBuildPhase;
			buildActionMask = 2147483647;
			files = (
			);
			inputFileListPaths = (
				"${PODS_ROOT}/Target Support Files/Pods-RecipesDemo/Pods-RecipesDemo-frameworks-${CONFIGURATION}-input-files.xcfilelist",
			);
			name = "[CP] Embed Pods Frameworks";
			outputFileListPaths = (
				"${PODS_ROOT}/Target Support Files/Pods-RecipesDemo/Pods-RecipesDemo-frameworks-${CONFIGURATION}-output-files.xcfilelist",
			);
			runOnlyForDeploymentPostprocessing = 0;
			shellPath = /bin/sh;
			shellScript = "\"${PODS_ROOT}/Target Support Files/Pods-RecipesDemo/Pods-RecipesDemo-frameworks.sh\"\n";
			showEnvVarsInLog = 0;
		};
/* End PBXShellScriptBuildPhase section */

/* Begin PBXSourcesBuildPhase section */
		67BF97C5292D0D64005B8326 /* Sources */ = {
			isa = PBXSourcesBuildPhase;
			buildActionMask = 2147483647;
			files = (
				67BF97D1292D0D64005B8326 /* RecipesListViewController.swift in Sources */,
				67328744292D128000D26B47 /* ResipesModel.swift in Sources */,
				67BF97CD292D0D64005B8326 /* AppDelegate.swift in Sources */,
				67B0B66E292F7C050005C189 /* RecipeDetailsViewController.swift in Sources */,
				67328748292D1B8600D26B47 /* AllModelExsample.swift in Sources */,
				67FE2537293E75A300DDE004 /* SaveModels.swift in Sources */,
				67BF97CF292D0D64005B8326 /* SceneDelegate.swift in Sources */,
				67FB9B85292D8D4200848849 /* RecipesTableViewCell.swift in Sources */,
				67723346294650E700DE121A /* NetworkServise.swift in Sources */,
				67142A492938229A00541CAB /* SavedRecipesViewController.swift in Sources */,
			);
			runOnlyForDeploymentPostprocessing = 0;
		};
/* End PBXSourcesBuildPhase section */

/* Begin PBXVariantGroup section */
		67BF97D2292D0D64005B8326 /* Main.storyboard */ = {
			isa = PBXVariantGroup;
			children = (
				67BF97D3292D0D64005B8326 /* Base */,
			);
			name = Main.storyboard;
			sourceTree = "<group>";
		};
		67BF97D7292D0D66005B8326 /* LaunchScreen.storyboard */ = {
			isa = PBXVariantGroup;
			children = (
				67BF97D8292D0D66005B8326 /* Base */,
			);
			name = LaunchScreen.storyboard;
			sourceTree = "<group>";
		};
/* End PBXVariantGroup section */

/* Begin XCBuildConfiguration section */
		67BF97DB292D0D66005B8326 /* Debug */ = {
			isa = XCBuildConfiguration;
			buildSettings = {
				ALWAYS_SEARCH_USER_PATHS = NO;
				CLANG_ANALYZER_NONNULL = YES;
				CLANG_ANALYZER_NUMBER_OBJECT_CONVERSION = YES_AGGRESSIVE;
				CLANG_CXX_LANGUAGE_STANDARD = "gnu++20";
				CLANG_ENABLE_MODULES = YES;
				CLANG_ENABLE_OBJC_ARC = YES;
				CLANG_ENABLE_OBJC_WEAK = YES;
				CLANG_WARN_BLOCK_CAPTURE_AUTORELEASING = YES;
				CLANG_WARN_BOOL_CONVERSION = YES;
				CLANG_WARN_COMMA = YES;
				CLANG_WARN_CONSTANT_CONVERSION = YES;
				CLANG_WARN_DEPRECATED_OBJC_IMPLEMENTATIONS = YES;
				CLANG_WARN_DIRECT_OBJC_ISA_USAGE = YES_ERROR;
				CLANG_WARN_DOCUMENTATION_COMMENTS = YES;
				CLANG_WARN_EMPTY_BODY = YES;
				CLANG_WARN_ENUM_CONVERSION = YES;
				CLANG_WARN_INFINITE_RECURSION = YES;
				CLANG_WARN_INT_CONVERSION = YES;
				CLANG_WARN_NON_LITERAL_NULL_CONVERSION = YES;
				CLANG_WARN_OBJC_IMPLICIT_RETAIN_SELF = YES;
				CLANG_WARN_OBJC_LITERAL_CONVERSION = YES;
				CLANG_WARN_OBJC_ROOT_CLASS = YES_ERROR;
				CLANG_WARN_QUOTED_INCLUDE_IN_FRAMEWORK_HEADER = YES;
				CLANG_WARN_RANGE_LOOP_ANALYSIS = YES;
				CLANG_WARN_STRICT_PROTOTYPES = YES;
				CLANG_WARN_SUSPICIOUS_MOVE = YES;
				CLANG_WARN_UNGUARDED_AVAILABILITY = YES_AGGRESSIVE;
				CLANG_WARN_UNREACHABLE_CODE = YES;
				CLANG_WARN__DUPLICATE_METHOD_MATCH = YES;
				COPY_PHASE_STRIP = NO;
				DEBUG_INFORMATION_FORMAT = dwarf;
				ENABLE_STRICT_OBJC_MSGSEND = YES;
				ENABLE_TESTABILITY = YES;
				GCC_C_LANGUAGE_STANDARD = gnu11;
				GCC_DYNAMIC_NO_PIC = NO;
				GCC_NO_COMMON_BLOCKS = YES;
				GCC_OPTIMIZATION_LEVEL = 0;
				GCC_PREPROCESSOR_DEFINITIONS = (
					"DEBUG=1",
					"$(inherited)",
				);
				GCC_WARN_64_TO_32_BIT_CONVERSION = YES;
				GCC_WARN_ABOUT_RETURN_TYPE = YES_ERROR;
				GCC_WARN_UNDECLARED_SELECTOR = YES;
				GCC_WARN_UNINITIALIZED_AUTOS = YES_AGGRESSIVE;
				GCC_WARN_UNUSED_FUNCTION = YES;
				GCC_WARN_UNUSED_VARIABLE = YES;
				IPHONEOS_DEPLOYMENT_TARGET = 16.1;
				MTL_ENABLE_DEBUG_INFO = INCLUDE_SOURCE;
				MTL_FAST_MATH = YES;
				ONLY_ACTIVE_ARCH = YES;
				SDKROOT = iphoneos;
				SWIFT_ACTIVE_COMPILATION_CONDITIONS = DEBUG;
				SWIFT_OPTIMIZATION_LEVEL = "-Onone";
			};
			name = Debug;
		};
		67BF97DC292D0D66005B8326 /* Release */ = {
			isa = XCBuildConfiguration;
			buildSettings = {
				ALWAYS_SEARCH_USER_PATHS = NO;
				CLANG_ANALYZER_NONNULL = YES;
				CLANG_ANALYZER_NUMBER_OBJECT_CONVERSION = YES_AGGRESSIVE;
				CLANG_CXX_LANGUAGE_STANDARD = "gnu++20";
				CLANG_ENABLE_MODULES = YES;
				CLANG_ENABLE_OBJC_ARC = YES;
				CLANG_ENABLE_OBJC_WEAK = YES;
				CLANG_WARN_BLOCK_CAPTURE_AUTORELEASING = YES;
				CLANG_WARN_BOOL_CONVERSION = YES;
				CLANG_WARN_COMMA = YES;
				CLANG_WARN_CONSTANT_CONVERSION = YES;
				CLANG_WARN_DEPRECATED_OBJC_IMPLEMENTATIONS = YES;
				CLANG_WARN_DIRECT_OBJC_ISA_USAGE = YES_ERROR;
				CLANG_WARN_DOCUMENTATION_COMMENTS = YES;
				CLANG_WARN_EMPTY_BODY = YES;
				CLANG_WARN_ENUM_CONVERSION = YES;
				CLANG_WARN_INFINITE_RECURSION = YES;
				CLANG_WARN_INT_CONVERSION = YES;
				CLANG_WARN_NON_LITERAL_NULL_CONVERSION = YES;
				CLANG_WARN_OBJC_IMPLICIT_RETAIN_SELF = YES;
				CLANG_WARN_OBJC_LITERAL_CONVERSION = YES;
				CLANG_WARN_OBJC_ROOT_CLASS = YES_ERROR;
				CLANG_WARN_QUOTED_INCLUDE_IN_FRAMEWORK_HEADER = YES;
				CLANG_WARN_RANGE_LOOP_ANALYSIS = YES;
				CLANG_WARN_STRICT_PROTOTYPES = YES;
				CLANG_WARN_SUSPICIOUS_MOVE = YES;
				CLANG_WARN_UNGUARDED_AVAILABILITY = YES_AGGRESSIVE;
				CLANG_WARN_UNREACHABLE_CODE = YES;
				CLANG_WARN__DUPLICATE_METHOD_MATCH = YES;
				COPY_PHASE_STRIP = NO;
				DEBUG_INFORMATION_FORMAT = "dwarf-with-dsym";
				ENABLE_NS_ASSERTIONS = NO;
				ENABLE_STRICT_OBJC_MSGSEND = YES;
				GCC_C_LANGUAGE_STANDARD = gnu11;
				GCC_NO_COMMON_BLOCKS = YES;
				GCC_WARN_64_TO_32_BIT_CONVERSION = YES;
				GCC_WARN_ABOUT_RETURN_TYPE = YES_ERROR;
				GCC_WARN_UNDECLARED_SELECTOR = YES;
				GCC_WARN_UNINITIALIZED_AUTOS = YES_AGGRESSIVE;
				GCC_WARN_UNUSED_FUNCTION = YES;
				GCC_WARN_UNUSED_VARIABLE = YES;
				IPHONEOS_DEPLOYMENT_TARGET = 16.1;
				MTL_ENABLE_DEBUG_INFO = NO;
				MTL_FAST_MATH = YES;
				SDKROOT = iphoneos;
				SWIFT_COMPILATION_MODE = wholemodule;
				SWIFT_OPTIMIZATION_LEVEL = "-O";
				VALIDATE_PRODUCT = YES;
			};
			name = Release;
		};
		67BF97DE292D0D66005B8326 /* Debug */ = {
			isa = XCBuildConfiguration;
			baseConfigurationReference = AA126AA166B257BB6D2C22DC /* Pods-RecipesDemo.debug.xcconfig */;
			buildSettings = {
				ASSETCATALOG_COMPILER_APPICON_NAME = AppIcon;
				ASSETCATALOG_COMPILER_GLOBAL_ACCENT_COLOR_NAME = AccentColor;
				CODE_SIGN_STYLE = Automatic;
				CURRENT_PROJECT_VERSION = 1;
				DEVELOPMENT_TEAM = 5434634X8A;
				GENERATE_INFOPLIST_FILE = YES;
				INFOPLIST_FILE = RecipesDemo/Info.plist;
				INFOPLIST_KEY_UIApplicationSupportsIndirectInputEvents = YES;
				INFOPLIST_KEY_UILaunchStoryboardName = LaunchScreen;
				INFOPLIST_KEY_UIMainStoryboardFile = Main;
				INFOPLIST_KEY_UISupportedInterfaceOrientations_iPad = "UIInterfaceOrientationPortrait UIInterfaceOrientationPortraitUpsideDown UIInterfaceOrientationLandscapeLeft UIInterfaceOrientationLandscapeRight";
				INFOPLIST_KEY_UISupportedInterfaceOrientations_iPhone = "UIInterfaceOrientationPortrait UIInterfaceOrientationLandscapeLeft UIInterfaceOrientationLandscapeRight";
				IPHONEOS_DEPLOYMENT_TARGET = 16.1;
				LD_RUNPATH_SEARCH_PATHS = (
					"$(inherited)",
					"@executable_path/Frameworks",
				);
				MARKETING_VERSION = 1.0;
				PRODUCT_BUNDLE_IDENTIFIER = "IOS-Kids.RecipesDemo";
				PRODUCT_NAME = "$(TARGET_NAME)";
				SWIFT_EMIT_LOC_STRINGS = YES;
				SWIFT_VERSION = 5.0;
				TARGETED_DEVICE_FAMILY = "1,2";
			};
			name = Debug;
		};
		67BF97DF292D0D66005B8326 /* Release */ = {
			isa = XCBuildConfiguration;
			baseConfigurationReference = E4482B36DA9B07698F97D8A5 /* Pods-RecipesDemo.release.xcconfig */;
			buildSettings = {
				ASSETCATALOG_COMPILER_APPICON_NAME = AppIcon;
				ASSETCATALOG_COMPILER_GLOBAL_ACCENT_COLOR_NAME = AccentColor;
				CODE_SIGN_STYLE = Automatic;
				CURRENT_PROJECT_VERSION = 1;
				DEVELOPMENT_TEAM = 5434634X8A;
				GENERATE_INFOPLIST_FILE = YES;
				INFOPLIST_FILE = RecipesDemo/Info.plist;
				INFOPLIST_KEY_UIApplicationSupportsIndirectInputEvents = YES;
				INFOPLIST_KEY_UILaunchStoryboardName = LaunchScreen;
				INFOPLIST_KEY_UIMainStoryboardFile = Main;
				INFOPLIST_KEY_UISupportedInterfaceOrientations_iPad = "UIInterfaceOrientationPortrait UIInterfaceOrientationPortraitUpsideDown UIInterfaceOrientationLandscapeLeft UIInterfaceOrientationLandscapeRight";
				INFOPLIST_KEY_UISupportedInterfaceOrientations_iPhone = "UIInterfaceOrientationPortrait UIInterfaceOrientationLandscapeLeft UIInterfaceOrientationLandscapeRight";
				IPHONEOS_DEPLOYMENT_TARGET = 16.1;
				LD_RUNPATH_SEARCH_PATHS = (
					"$(inherited)",
					"@executable_path/Frameworks",
				);
				MARKETING_VERSION = 1.0;
				PRODUCT_BUNDLE_IDENTIFIER = "IOS-Kids.RecipesDemo";
				PRODUCT_NAME = "$(TARGET_NAME)";
				SWIFT_EMIT_LOC_STRINGS = YES;
				SWIFT_VERSION = 5.0;
				TARGETED_DEVICE_FAMILY = "1,2";
			};
			name = Release;
		};
/* End XCBuildConfiguration section */

/* Begin XCConfigurationList section */
		67BF97C4292D0D64005B8326 /* Build configuration list for PBXProject "RecipesDemo" */ = {
			isa = XCConfigurationList;
			buildConfigurations = (
				67BF97DB292D0D66005B8326 /* Debug */,
				67BF97DC292D0D66005B8326 /* Release */,
			);
			defaultConfigurationIsVisible = 0;
			defaultConfigurationName = Release;
		};
		67BF97DD292D0D66005B8326 /* Build configuration list for PBXNativeTarget "RecipesDemo" */ = {
			isa = XCConfigurationList;
			buildConfigurations = (
				67BF97DE292D0D66005B8326 /* Debug */,
				67BF97DF292D0D66005B8326 /* Release */,
			);
			defaultConfigurationIsVisible = 0;
			defaultConfigurationName = Release;
		};
/* End XCConfigurationList section */
	};
	rootObject = 67BF97C1292D0D64005B8326 /* Project object */;
}
